
Microsoft Visual Studio Solution File, Format Version 12.00
# Visual Studio Version 16
VisualStudioVersion = 16.0.34729.46
MinimumVisualStudioVersion = 10.0.40219.1
Project("{FAE04EC0-301F-11D3-BF4B-00C04F79EFBC}") = "WindowsFormsApp1", "WindowsFormsApp1\WindowsFormsApp1.csproj", "{48DFB322-9B0F-43AE-A339-58D55AD68645}"
EndProject
Global
	GlobalSection(SolutionConfigurationPlatforms) = preSolution
		Debug|Any CPU = Debug|Any CPU
		Release|Any CPU = Release|Any CPU
	EndGlobalSection
	GlobalSection(ProjectConfigurationPlatforms) = postSolution
		{48DFB322-9B0F-43AE-A339-58D55AD68645}.Debug|Any CPU.ActiveCfg = Debug|Any CPU
		{48DFB322-9B0F-43AE-A339-58D55AD68645}.Debug|Any CPU.Build.0 = Debug|Any CPU
		{48DFB322-9B0F-43AE-A339-58D55AD68645}.Release|Any CPU.ActiveCfg = Release|Any CPU
		{48DFB322-9B0F-43AE-A339-58D55AD68645}.Release|Any CPU.Build.0 = Release|Any CPU
	EndGlobalSection
	GlobalSection(SolutionProperties) = preSolution
		HideSolutionNode = FALSE
	EndGlobalSection
	GlobalSection(ExtensibilityGlobals) = postSolution
		SolutionGuid = {4FA0B08B-98DA-4B34-89BA-3AD7B04D6D2C}
	EndGlobalSection
EndGlobal
